// !$*UTF8*$!
{
	archiveVersion = 1;
	classes = {
	};
	objectVersion = 50;
	objects = {

/* Begin PBXBuildFile section */
		ED85F8392881918200D06A39 /* AppDelegate.swift in Sources */ = {isa = PBXBuildFile; fileRef = ED85F8382881918200D06A39 /* AppDelegate.swift */; };
		ED85F83B2881918200D06A39 /* SceneDelegate.swift in Sources */ = {isa = PBXBuildFile; fileRef = ED85F83A2881918200D06A39 /* SceneDelegate.swift */; };
		ED85F83D2881918200D06A39 /* ViewController.swift in Sources */ = {isa = PBXBuildFile; fileRef = ED85F83C2881918200D06A39 /* ViewController.swift */; };
		ED85F8402881918200D06A39 /* Main.storyboard in Resources */ = {isa = PBXBuildFile; fileRef = ED85F83E2881918200D06A39 /* Main.storyboard */; };
		ED85F8422881918400D06A39 /* Assets.xcassets in Resources */ = {isa = PBXBuildFile; fileRef = ED85F8412881918400D06A39 /* Assets.xcassets */; };
		ED85F8452881918400D06A39 /* LaunchScreen.storyboard in Resources */ = {isa = PBXBuildFile; fileRef = ED85F8432881918400D06A39 /* LaunchScreen.storyboard */; };
		ED85F8502881918500D06A39 /* Magic_8_BallTests.swift in Sources */ = {isa = PBXBuildFile; fileRef = ED85F84F2881918500D06A39 /* Magic_8_BallTests.swift */; };
		ED85F85B2881918500D06A39 /* Magic_8_BallUITests.swift in Sources */ = {isa = PBXBuildFile; fileRef = ED85F85A2881918500D06A39 /* Magic_8_BallUITests.swift */; };
/* End PBXBuildFile section */

/* Begin PBXContainerItemProxy section */
		ED85F84C2881918500D06A39 /* PBXContainerItemProxy */ = {
			isa = PBXContainerItemProxy;
			containerPortal = ED85F82D2881918200D06A39 /* Project object */;
			proxyType = 1;
			remoteGlobalIDString = ED85F8342881918200D06A39;
			remoteInfo = "Magic 8 Ball";
		};
		ED85F8572881918500D06A39 /* PBXContainerItemProxy */ = {
			isa = PBXContainerItemProxy;
			containerPortal = ED85F82D2881918200D06A39 /* Project object */;
			proxyType = 1;
			remoteGlobalIDString = ED85F8342881918200D06A39;
			remoteInfo = "Magic 8 Ball";
		};
/* End PBXContainerItemProxy section */

/* Begin PBXFileReference section */
		ED85F8352881918200D06A39 /* Magic 8 Ball.app */ = {isa = PBXFileReference; explicitFileType = wrapper.application; includeInIndex = 0; path = "Magic 8 Ball.app"; sourceTree = BUILT_PRODUCTS_DIR; };
		ED85F8382881918200D06A39 /* AppDelegate.swift */ = {isa = PBXFileReference; lastKnownFileType = sourcecode.swift; path = AppDelegate.swift; sourceTree = "<group>"; };
		ED85F83A2881918200D06A39 /* SceneDelegate.swift */ = {isa = PBXFileReference; lastKnownFileType = sourcecode.swift; path = SceneDelegate.swift; sourceTree = "<group>"; };
		ED85F83C2881918200D06A39 /* ViewController.swift */ = {isa = PBXFileReference; lastKnownFileType = sourcecode.swift; path = ViewController.swift; sourceTree = "<group>"; };
		ED85F83F2881918200D06A39 /* Base */ = {isa = PBXFileReference; lastKnownFileType = file.storyboard; name = Base; path = Base.lproj/Main.storyboard; sourceTree = "<group>"; };
		ED85F8412881918400D06A39 /* Assets.xcassets */ = {isa = PBXFileReference; lastKnownFileType = folder.assetcatalog; path = Assets.xcassets; sourceTree = "<group>"; };
		ED85F8442881918400D06A39 /* Base */ = {isa = PBXFileReference; lastKnownFileType = file.storyboard; name = Base; path = Base.lproj/LaunchScreen.storyboard; sourceTree = "<group>"; };
		ED85F8462881918400D06A39 /* Info.plist */ = {isa = PBXFileReference; lastKnownFileType = text.plist.xml; path = Info.plist; sourceTree = "<group>"; };
		ED85F84B2881918500D06A39 /* Magic 8 BallTests.xctest */ = {isa = PBXFileReference; explicitFileType = wrapper.cfbundle; includeInIndex = 0; path = "Magic 8 BallTests.xctest"; sourceTree = BUILT_PRODUCTS_DIR; };
		ED85F84F2881918500D06A39 /* Magic_8_BallTests.swift */ = {isa = PBXFileReference; lastKnownFileType = sourcecode.swift; path = Magic_8_BallTests.swift; sourceTree = "<group>"; };
		ED85F8512881918500D06A39 /* Info.plist */ = {isa = PBXFileReference; lastKnownFileType = text.plist.xml; path = Info.plist; sourceTree = "<group>"; };
		ED85F8562881918500D06A39 /* Magic 8 BallUITests.xctest */ = {isa = PBXFileReference; explicitFileType = wrapper.cfbundle; includeInIndex = 0; path = "Magic 8 BallUITests.xctest"; sourceTree = BUILT_PRODUCTS_DIR; };
		ED85F85A2881918500D06A39 /* Magic_8_BallUITests.swift */ = {isa = PBXFileReference; lastKnownFileType = sourcecode.swift; path = Magic_8_BallUITests.swift; sourceTree = "<group>"; };
		ED85F85C2881918500D06A39 /* Info.plist */ = {isa = PBXFileReference; lastKnownFileType = text.plist.xml; path = Info.plist; sourceTree = "<group>"; };
/* End PBXFileReference section */

/* Begin PBXFrameworksBuildPhase section */
		ED85F8322881918200D06A39 /* Frameworks */ = {
			isa = PBXFrameworksBuildPhase;
			buildActionMask = 2147483647;
			files = (
			);
			runOnlyForDeploymentPostprocessing = 0;
		};
		ED85F8482881918500D06A39 /* Frameworks */ = {
			isa = PBXFrameworksBuildPhase;
			buildActionMask = 2147483647;
			files = (
			);
			runOnlyForDeploymentPostprocessing = 0;
		};
		ED85F8532881918500D06A39 /* Frameworks */ = {
			isa = PBXFrameworksBuildPhase;
			buildActionMask = 2147483647;
			files = (
			);
			runOnlyForDeploymentPostprocessing = 0;
		};
/* End PBXFrameworksBuildPhase section */

/* Begin PBXGroup section */
		ED85F82C2881918200D06A39 = {
			isa = PBXGroup;
			children = (
				ED85F8372881918200D06A39 /* Magic 8 Ball */,
				ED85F84E2881918500D06A39 /* Magic 8 BallTests */,
				ED85F8592881918500D06A39 /* Magic 8 BallUITests */,
				ED85F8362881918200D06A39 /* Products */,
			);
			sourceTree = "<group>";
		};
		ED85F8362881918200D06A39 /* Products */ = {
			isa = PBXGroup;
			children = (
				ED85F8352881918200D06A39 /* Magic 8 Ball.app */,
				ED85F84B2881918500D06A39 /* Magic 8 BallTests.xctest */,
				ED85F8562881918500D06A39 /* Magic 8 BallUITests.xctest */,
			);
			name = Products;
			sourceTree = "<group>";
		};
		ED85F8372881918200D06A39 /* Magic 8 Ball */ = {
			isa = PBXGroup;
			children = (
				ED85F8382881918200D06A39 /* AppDelegate.swift */,
				ED85F83A2881918200D06A39 /* SceneDelegate.swift */,
				ED85F83C2881918200D06A39 /* ViewController.swift */,
				ED85F83E2881918200D06A39 /* Main.storyboard */,
				ED85F8412881918400D06A39 /* Assets.xcassets */,
				ED85F8432881918400D06A39 /* LaunchScreen.storyboard */,
				ED85F8462881918400D06A39 /* Info.plist */,
			);
			path = "Magic 8 Ball";
			sourceTree = "<group>";
		};
		ED85F84E2881918500D06A39 /* Magic 8 BallTests */ = {
			isa = PBXGroup;
			children = (
				ED85F84F2881918500D06A39 /* Magic_8_BallTests.swift */,
				ED85F8512881918500D06A39 /* Info.plist */,
			);
			path = "Magic 8 BallTests";
			sourceTree = "<group>";
		};
		ED85F8592881918500D06A39 /* Magic 8 BallUITests */ = {
			isa = PBXGroup;
			children = (
				ED85F85A2881918500D06A39 /* Magic_8_BallUITests.swift */,
				ED85F85C2881918500D06A39 /* Info.plist */,
			);
			path = "Magic 8 BallUITests";
			sourceTree = "<group>";
		};
/* End PBXGroup section */

/* Begin PBXNativeTarget section */
		ED85F8342881918200D06A39 /* Magic 8 Ball */ = {
			isa = PBXNativeTarget;
			buildConfigurationList = ED85F85F2881918500D06A39 /* Build configuration list for PBXNativeTarget "Magic 8 Ball" */;
			buildPhases = (
				ED85F8312881918200D06A39 /* Sources */,
				ED85F8322881918200D06A39 /* Frameworks */,
				ED85F8332881918200D06A39 /* Resources */,
			);
			buildRules = (
			);
			dependencies = (
			);
			name = "Magic 8 Ball";
			productName = "Magic 8 Ball";
			productReference = ED85F8352881918200D06A39 /* Magic 8 Ball.app */;
			productType = "com.apple.product-type.application";
		};
		ED85F84A2881918500D06A39 /* Magic 8 BallTests */ = {
			isa = PBXNativeTarget;
			buildConfigurationList = ED85F8622881918500D06A39 /* Build configuration list for PBXNativeTarget "Magic 8 BallTests" */;
			buildPhases = (
				ED85F8472881918500D06A39 /* Sources */,
				ED85F8482881918500D06A39 /* Frameworks */,
				ED85F8492881918500D06A39 /* Resources */,
			);
			buildRules = (
			);
			dependencies = (
				ED85F84D2881918500D06A39 /* PBXTargetDependency */,
			);
			name = "Magic 8 BallTests";
			productName = "Magic 8 BallTests";
			productReference = ED85F84B2881918500D06A39 /* Magic 8 BallTests.xctest */;
			productType = "com.apple.product-type.bundle.unit-test";
		};
		ED85F8552881918500D06A39 /* Magic 8 BallUITests */ = {
			isa = PBXNativeTarget;
			buildConfigurationList = ED85F8652881918500D06A39 /* Build configuration list for PBXNativeTarget "Magic 8 BallUITests" */;
			buildPhases = (
				ED85F8522881918500D06A39 /* Sources */,
				ED85F8532881918500D06A39 /* Frameworks */,
				ED85F8542881918500D06A39 /* Resources */,
			);
			buildRules = (
			);
			dependencies = (
				ED85F8582881918500D06A39 /* PBXTargetDependency */,
			);
			name = "Magic 8 BallUITests";
			productName = "Magic 8 BallUITests";
			productReference = ED85F8562881918500D06A39 /* Magic 8 BallUITests.xctest */;
			productType = "com.apple.product-type.bundle.ui-testing";
		};
/* End PBXNativeTarget section */

/* Begin PBXProject section */
		ED85F82D2881918200D06A39 /* Project object */ = {
			isa = PBXProject;
			attributes = {
				LastSwiftUpdateCheck = 1240;
				LastUpgradeCheck = 1240;
				TargetAttributes = {
					ED85F8342881918200D06A39 = {
						CreatedOnToolsVersion = 12.4;
					};
					ED85F84A2881918500D06A39 = {
						CreatedOnToolsVersion = 12.4;
						TestTargetID = ED85F8342881918200D06A39;
					};
					ED85F8552881918500D06A39 = {
						CreatedOnToolsVersion = 12.4;
						TestTargetID = ED85F8342881918200D06A39;
					};
				};
			};
			buildConfigurationList = ED85F8302881918200D06A39 /* Build configuration list for PBXProject "Magic 8 Ball" */;
			compatibilityVersion = "Xcode 9.3";
			developmentRegion = en;
			hasScannedForEncodings = 0;
			knownRegions = (
				en,
				Base,
			);
			mainGroup = ED85F82C2881918200D06A39;
			productRefGroup = ED85F8362881918200D06A39 /* Products */;
			projectDirPath = "";
			projectRoot = "";
			targets = (
				ED85F8342881918200D06A39 /* Magic 8 Ball */,
				ED85F84A2881918500D06A39 /* Magic 8 BallTests */,
				ED85F8552881918500D06A39 /* Magic 8 BallUITests */,
			);
		};
/* End PBXProject section */

/* Begin PBXResourcesBuildPhase section */
		ED85F8332881918200D06A39 /* Resources */ = {
			isa = PBXResourcesBuildPhase;
			buildActionMask = 2147483647;
			files = (
				ED85F8452881918400D06A39 /* LaunchScreen.storyboard in Resources */,
				ED85F8422881918400D06A39 /* Assets.xcassets in Resources */,
				ED85F8402881918200D06A39 /* Main.storyboard in Resources */,
			);
			runOnlyForDeploymentPostprocessing = 0;
		};
		ED85F8492881918500D06A39 /* Resources */ = {
			isa = PBXResourcesBuildPhase;
			buildActionMask = 2147483647;
			files = (
			);
			runOnlyForDeploymentPostprocessing = 0;
		};
		ED85F8542881918500D06A39 /* Resources */ = {
			isa = PBXResourcesBuildPhase;
			buildActionMask = 2147483647;
			files = (
			);
			runOnlyForDeploymentPostprocessing = 0;
		};
/* End PBXResourcesBuildPhase section */

/* Begin PBXSourcesBuildPhase section */
		ED85F8312881918200D06A39 /* Sources */ = {
			isa = PBXSourcesBuildPhase;
			buildActionMask = 2147483647;
			files = (
				ED85F83D2881918200D06A39 /* ViewController.swift in Sources */,
				ED85F8392881918200D06A39 /* AppDelegate.swift in Sources */,
				ED85F83B2881918200D06A39 /* SceneDelegate.swift in Sources */,
			);
			runOnlyForDeploymentPostprocessing = 0;
		};
		ED85F8472881918500D06A39 /* Sources */ = {
			isa = PBXSourcesBuildPhase;
			buildActionMask = 2147483647;
			files = (
				ED85F8502881918500D06A39 /* Magic_8_BallTests.swift in Sources */,
			);
			runOnlyForDeploymentPostprocessing = 0;
		};
		ED85F8522881918500D06A39 /* Sources */ = {
			isa = PBXSourcesBuildPhase;
			buildActionMask = 2147483647;
			files = (
				ED85F85B2881918500D06A39 /* Magic_8_BallUITests.swift in Sources */,
			);
			runOnlyForDeploymentPostprocessing = 0;
		};
/* End PBXSourcesBuildPhase section */

/* Begin PBXTargetDependency section */
		ED85F84D2881918500D06A39 /* PBXTargetDependency */ = {
			isa = PBXTargetDependency;
			target = ED85F8342881918200D06A39 /* Magic 8 Ball */;
			targetProxy = ED85F84C2881918500D06A39 /* PBXContainerItemProxy */;
		};
		ED85F8582881918500D06A39 /* PBXTargetDependency */ = {
			isa = PBXTargetDependency;
			target = ED85F8342881918200D06A39 /* Magic 8 Ball */;
			targetProxy = ED85F8572881918500D06A39 /* PBXContainerItemProxy */;
		};
/* End PBXTargetDependency section */

/* Begin PBXVariantGroup section */
		ED85F83E2881918200D06A39 /* Main.storyboard */ = {
			isa = PBXVariantGroup;
			children = (
				ED85F83F2881918200D06A39 /* Base */,
			);
			name = Main.storyboard;
			sourceTree = "<group>";
		};
		ED85F8432881918400D06A39 /* LaunchScreen.storyboard */ = {
			isa = PBXVariantGroup;
			children = (
				ED85F8442881918400D06A39 /* Base */,
			);
			name = LaunchScreen.storyboard;
			sourceTree = "<group>";
		};
/* End PBXVariantGroup section */

/* Begin XCBuildConfiguration section */
		ED85F85D2881918500D06A39 /* Debug */ = {
			isa = XCBuildConfiguration;
			buildSettings = {
				ALWAYS_SEARCH_USER_PATHS = NO;
				CLANG_ANALYZER_NONNULL = YES;
				CLANG_ANALYZER_NUMBER_OBJECT_CONVERSION = YES_AGGRESSIVE;
				CLANG_CXX_LANGUAGE_STANDARD = "gnu++14";
				CLANG_CXX_LIBRARY = "libc++";
				CLANG_ENABLE_MODULES = YES;
				CLANG_ENABLE_OBJC_ARC = YES;
				CLANG_ENABLE_OBJC_WEAK = YES;
				CLANG_WARN_BLOCK_CAPTURE_AUTORELEASING = YES;
				CLANG_WARN_BOOL_CONVERSION = YES;
				CLANG_WARN_COMMA = YES;
				CLANG_WARN_CONSTANT_CONVERSION = YES;
				CLANG_WARN_DEPRECATED_OBJC_IMPLEMENTATIONS = YES;
				CLANG_WARN_DIRECT_OBJC_ISA_USAGE = YES_ERROR;
				CLANG_WARN_DOCUMENTATION_COMMENTS = YES;
				CLANG_WARN_EMPTY_BODY = YES;
				CLANG_WARN_ENUM_CONVERSION = YES;
				CLANG_WARN_INFINITE_RECURSION = YES;
				CLANG_WARN_INT_CONVERSION = YES;
				CLANG_WARN_NON_LITERAL_NULL_CONVERSION = YES;
				CLANG_WARN_OBJC_IMPLICIT_RETAIN_SELF = YES;
				CLANG_WARN_OBJC_LITERAL_CONVERSION = YES;
				CLANG_WARN_OBJC_ROOT_CLASS = YES_ERROR;
				CLANG_WARN_QUOTED_INCLUDE_IN_FRAMEWORK_HEADER = YES;
				CLANG_WARN_RANGE_LOOP_ANALYSIS = YES;
				CLANG_WARN_STRICT_PROTOTYPES = YES;
				CLANG_WARN_SUSPICIOUS_MOVE = YES;
				CLANG_WARN_UNGUARDED_AVAILABILITY = YES_AGGRESSIVE;
				CLANG_WARN_UNREACHABLE_CODE = YES;
				CLANG_WARN__DUPLICATE_METHOD_MATCH = YES;
				COPY_PHASE_STRIP = NO;
				DEBUG_INFORMATION_FORMAT = dwarf;
				ENABLE_STRICT_OBJC_MSGSEND = YES;
				ENABLE_TESTABILITY = YES;
				GCC_C_LANGUAGE_STANDARD = gnu11;
				GCC_DYNAMIC_NO_PIC = NO;
				GCC_NO_COMMON_BLOCKS = YES;
				GCC_OPTIMIZATION_LEVEL = 0;
				GCC_PREPROCESSOR_DEFINITIONS = (
					"DEBUG=1",
					"$(inherited)",
				);
				GCC_WARN_64_TO_32_BIT_CONVERSION = YES;
				GCC_WARN_ABOUT_RETURN_TYPE = YES_ERROR;
				GCC_WARN_UNDECLARED_SELECTOR = YES;
				GCC_WARN_UNINITIALIZED_AUTOS = YES_AGGRESSIVE;
				GCC_WARN_UNUSED_FUNCTION = YES;
				GCC_WARN_UNUSED_VARIABLE = YES;
				IPHONEOS_DEPLOYMENT_TARGET = 14.4;
				MTL_ENABLE_DEBUG_INFO = INCLUDE_SOURCE;
				MTL_FAST_MATH = YES;
				ONLY_ACTIVE_ARCH = YES;
				SDKROOT = iphoneos;
				SWIFT_ACTIVE_COMPILATION_CONDITIONS = DEBUG;
				SWIFT_OPTIMIZATION_LEVEL = "-Onone";
			};
			name = Debug;
		};
		ED85F85E2881918500D06A39 /* Release */ = {
			isa = XCBuildConfiguration;
			buildSettings = {
				ALWAYS_SEARCH_USER_PATHS = NO;
				CLANG_ANALYZER_NONNULL = YES;
				CLANG_ANALYZER_NUMBER_OBJECT_CONVERSION = YES_AGGRESSIVE;
				CLANG_CXX_LANGUAGE_STANDARD = "gnu++14";
				CLANG_CXX_LIBRARY = "libc++";
				CLANG_ENABLE_MODULES = YES;
				CLANG_ENABLE_OBJC_ARC = YES;
				CLANG_ENABLE_OBJC_WEAK = YES;
				CLANG_WARN_BLOCK_CAPTURE_AUTORELEASING = YES;
				CLANG_WARN_BOOL_CONVERSION = YES;
				CLANG_WARN_COMMA = YES;
				CLANG_WARN_CONSTANT_CONVERSION = YES;
				CLANG_WARN_DEPRECATED_OBJC_IMPLEMENTATIONS = YES;
				CLANG_WARN_DIRECT_OBJC_ISA_USAGE = YES_ERROR;
				CLANG_WARN_DOCUMENTATION_COMMENTS = YES;
				CLANG_WARN_EMPTY_BODY = YES;
				CLANG_WARN_ENUM_CONVERSION = YES;
				CLANG_WARN_INFINITE_RECURSION = YES;
				CLANG_WARN_INT_CONVERSION = YES;
				CLANG_WARN_NON_LITERAL_NULL_CONVERSION = YES;
				CLANG_WARN_OBJC_IMPLICIT_RETAIN_SELF = YES;
				CLANG_WARN_OBJC_LITERAL_CONVERSION = YES;
				CLANG_WARN_OBJC_ROOT_CLASS = YES_ERROR;
				CLANG_WARN_QUOTED_INCLUDE_IN_FRAMEWORK_HEADER = YES;
				CLANG_WARN_RANGE_LOOP_ANALYSIS = YES;
				CLANG_WARN_STRICT_PROTOTYPES = YES;
				CLANG_WARN_SUSPICIOUS_MOVE = YES;
				CLANG_WARN_UNGUARDED_AVAILABILITY = YES_AGGRESSIVE;
				CLANG_WARN_UNREACHABLE_CODE = YES;
				CLANG_WARN__DUPLICATE_METHOD_MATCH = YES;
				COPY_PHASE_STRIP = NO;
				DEBUG_INFORMATION_FORMAT = "dwarf-with-dsym";
				ENABLE_NS_ASSERTIONS = NO;
				ENABLE_STRICT_OBJC_MSGSEND = YES;
				GCC_C_LANGUAGE_STANDARD = gnu11;
				GCC_NO_COMMON_BLOCKS = YES;
				GCC_WARN_64_TO_32_BIT_CONVERSION = YES;
				GCC_WARN_ABOUT_RETURN_TYPE = YES_ERROR;
				GCC_WARN_UNDECLARED_SELECTOR = YES;
				GCC_WARN_UNINITIALIZED_AUTOS = YES_AGGRESSIVE;
				GCC_WARN_UNUSED_FUNCTION = YES;
				GCC_WARN_UNUSED_VARIABLE = YES;
				IPHONEOS_DEPLOYMENT_TARGET = 14.4;
				MTL_ENABLE_DEBUG_INFO = NO;
				MTL_FAST_MATH = YES;
				SDKROOT = iphoneos;
				SWIFT_COMPILATION_MODE = wholemodule;
				SWIFT_OPTIMIZATION_LEVEL = "-O";
				VALIDATE_PRODUCT = YES;
			};
			name = Release;
		};
		ED85F8602881918500D06A39 /* Debug */ = {
			isa = XCBuildConfiguration;
			buildSettings = {
				ASSETCATALOG_COMPILER_APPICON_NAME = AppIcon;
				ASSETCATALOG_COMPILER_GLOBAL_ACCENT_COLOR_NAME = AccentColor;
				CODE_SIGN_STYLE = Automatic;
				DEVELOPMENT_TEAM = 93W537RQ3S;
				INFOPLIST_FILE = "Magic 8 Ball/Info.plist";
				LD_RUNPATH_SEARCH_PATHS = (
					"$(inherited)",
					"@executable_path/Frameworks",
				);
				PRODUCT_BUNDLE_IDENTIFIER = "CloudBased.Magic-8-Ball";
				PRODUCT_NAME = "$(TARGET_NAME)";
				SWIFT_VERSION = 5.0;
				TARGETED_DEVICE_FAMILY = "1,2";
			};
			name = Debug;
		};
		ED85F8612881918500D06A39 /* Release */ = {
			isa = XCBuildConfiguration;
			buildSettings = {
				ASSETCATALOG_COMPILER_APPICON_NAME = AppIcon;
				ASSETCATALOG_COMPILER_GLOBAL_ACCENT_COLOR_NAME = AccentColor;
				CODE_SIGN_STYLE = Automatic;
				DEVELOPMENT_TEAM = 93W537RQ3S;
				INFOPLIST_FILE = "Magic 8 Ball/Info.plist";
				LD_RUNPATH_SEARCH_PATHS = (
					"$(inherited)",
					"@executable_path/Frameworks",
				);
				PRODUCT_BUNDLE_IDENTIFIER = "CloudBased.Magic-8-Ball";
				PRODUCT_NAME = "$(TARGET_NAME)";
				SWIFT_VERSION = 5.0;
				TARGETED_DEVICE_FAMILY = "1,2";
			};
			name = Release;
		};
		ED85F8632881918500D06A39 /* Debug */ = {
			isa = XCBuildConfiguration;
			buildSettings = {
				ALWAYS_EMBED_SWIFT_STANDARD_LIBRARIES = YES;
				BUNDLE_LOADER = "$(TEST_HOST)";
				CODE_SIGN_STYLE = Automatic;
				DEVELOPMENT_TEAM = 93W537RQ3S;
				INFOPLIST_FILE = "Magic 8 BallTests/Info.plist";
				IPHONEOS_DEPLOYMENT_TARGET = 14.4;
				LD_RUNPATH_SEARCH_PATHS = (
					"$(inherited)",
					"@executable_path/Frameworks",
					"@loader_path/Frameworks",
				);
				PRODUCT_BUNDLE_IDENTIFIER = "CloudBased.Magic-8-BallTests";
				PRODUCT_NAME = "$(TARGET_NAME)";
				SWIFT_VERSION = 5.0;
				TARGETED_DEVICE_FAMILY = "1,2";
				TEST_HOST = "$(BUILT_PRODUCTS_DIR)/Magic 8 Ball.app/Magic 8 Ball";
			};
			name = Debug;
		};
		ED85F8642881918500D06A39 /* Release */ = {
			isa = XCBuildConfiguration;
			buildSettings = {
				ALWAYS_EMBED_SWIFT_STANDARD_LIBRARIES = YES;
				BUNDLE_LOADER = "$(TEST_HOST)";
				CODE_SIGN_STYLE = Automatic;
				DEVELOPMENT_TEAM = 93W537RQ3S;
				INFOPLIST_FILE = "Magic 8 BallTests/Info.plist";
				IPHONEOS_DEPLOYMENT_TARGET = 14.4;
				LD_RUNPATH_SEARCH_PATHS = (
					"$(inherited)",
					"@executable_path/Frameworks",
					"@loader_path/Frameworks",
				);
				PRODUCT_BUNDLE_IDENTIFIER = "CloudBased.Magic-8-BallTests";
				PRODUCT_NAME = "$(TARGET_NAME)";
				SWIFT_VERSION = 5.0;
				TARGETED_DEVICE_FAMILY = "1,2";
				TEST_HOST = "$(BUILT_PRODUCTS_DIR)/Magic 8 Ball.app/Magic 8 Ball";
			};
			name = Release;
		};
		ED85F8662881918500D06A39 /* Debug */ = {
			isa = XCBuildConfiguration;
			buildSettings = {
				ALWAYS_EMBED_SWIFT_STANDARD_LIBRARIES = YES;
				CODE_SIGN_STYLE = Automatic;
				DEVELOPMENT_TEAM = 93W537RQ3S;
				INFOPLIST_FILE = "Magic 8 BallUITests/Info.plist";
				LD_RUNPATH_SEARCH_PATHS = (
					"$(inherited)",
					"@executable_path/Frameworks",
					"@loader_path/Frameworks",
				);
				PRODUCT_BUNDLE_IDENTIFIER = "CloudBased.Magic-8-BallUITests";
				PRODUCT_NAME = "$(TARGET_NAME)";
				SWIFT_VERSION = 5.0;
				TARGETED_DEVICE_FAMILY = "1,2";
				TEST_TARGET_NAME = "Magic 8 Ball";
			};
			name = Debug;
		};
		ED85F8672881918500D06A39 /* Release */ = {
			isa = XCBuildConfiguration;
			buildSettings = {
				ALWAYS_EMBED_SWIFT_STANDARD_LIBRARIES = YES;
				CODE_SIGN_STYLE = Automatic;
				DEVELOPMENT_TEAM = 93W537RQ3S;
				INFOPLIST_FILE = "Magic 8 BallUITests/Info.plist";
				LD_RUNPATH_SEARCH_PATHS = (
					"$(inherited)",
					"@executable_path/Frameworks",
					"@loader_path/Frameworks",
				);
				PRODUCT_BUNDLE_IDENTIFIER = "CloudBased.Magic-8-BallUITests";
				PRODUCT_NAME = "$(TARGET_NAME)";
				SWIFT_VERSION = 5.0;
				TARGETED_DEVICE_FAMILY = "1,2";
				TEST_TARGET_NAME = "Magic 8 Ball";
			};
			name = Release;
		};
/* End XCBuildConfiguration section */

/* Begin XCConfigurationList section */
		ED85F8302881918200D06A39 /* Build configuration list for PBXProject "Magic 8 Ball" */ = {
			isa = XCConfigurationList;
			buildConfigurations = (
				ED85F85D2881918500D06A39 /* Debug */,
				ED85F85E2881918500D06A39 /* Release */,
			);
			defaultConfigurationIsVisible = 0;
			defaultConfigurationName = Release;
		};
		ED85F85F2881918500D06A39 /* Build configuration list for PBXNativeTarget "Magic 8 Ball" */ = {
			isa = XCConfigurationList;
			buildConfigurations = (
				ED85F8602881918500D06A39 /* Debug */,
				ED85F8612881918500D06A39 /* Release */,
			);
			defaultConfigurationIsVisible = 0;
			defaultConfigurationName = Release;
		};
		ED85F8622881918500D06A39 /* Build configuration list for PBXNativeTarget "Magic 8 BallTests" */ = {
			isa = XCConfigurationList;
			buildConfigurations = (
				ED85F8632881918500D06A39 /* Debug */,
				ED85F8642881918500D06A39 /* Release */,
			);
			defaultConfigurationIsVisible = 0;
			defaultConfigurationName = Release;
		};
		ED85F8652881918500D06A39 /* Build configuration list for PBXNativeTarget "Magic 8 BallUITests" */ = {
			isa = XCConfigurationList;
			buildConfigurations = (
				ED85F8662881918500D06A39 /* Debug */,
				ED85F8672881918500D06A39 /* Release */,
			);
			defaultConfigurationIsVisible = 0;
			defaultConfigurationName = Release;
		};
/* End XCConfigurationList section */
	};
	rootObject = ED85F82D2881918200D06A39 /* Project object */;
}
